// !$*UTF8*$!
{
	archiveVersion = 1;
	classes = {
	};
	objectVersion = 77;
	objects = {

/* Begin PBXContainerItemProxy section */
		01CD8A6F2DEC812F006D809C /* PBXContainerItemProxy */ = {
			isa = PBXContainerItemProxy;
			containerPortal = 01CD8A592DEC812C006D809C /* Project object */;
			proxyType = 1;
			remoteGlobalIDString = 01CD8A602DEC812C006D809C;
			remoteInfo = TOnlineCoding;
		};
		01CD8A792DEC812F006D809C /* PBXContainerItemProxy */ = {
			isa = PBXContainerItemProxy;
			containerPortal = 01CD8A592DEC812C006D809C /* Project object */;
			proxyType = 1;
			remoteGlobalIDString = 01CD8A602DEC812C006D809C;
			remoteInfo = TOnlineCoding;
		};
/* End PBXContainerItemProxy section */

/* Begin PBXFileReference section */
		01CD8A612DEC812C006D809C /* TOnlineCoding.app */ = {isa = PBXFileReference; explicitFileType = wrapper.application; includeInIndex = 0; path = TOnlineCoding.app; sourceTree = BUILT_PRODUCTS_DIR; };
		01CD8A6E2DEC812F006D809C /* TOnlineCodingTests.xctest */ = {isa = PBXFileReference; explicitFileType = wrapper.cfbundle; includeInIndex = 0; path = TOnlineCodingTests.xctest; sourceTree = BUILT_PRODUCTS_DIR; };
		01CD8A782DEC812F006D809C /* TOnlineCodingUITests.xctest */ = {isa = PBXFileReference; explicitFileType = wrapper.cfbundle; includeInIndex = 0; path = TOnlineCodingUITests.xctest; sourceTree = BUILT_PRODUCTS_DIR; };
/* End PBXFileReference section */

/* Begin PBXFileSystemSynchronizedRootGroup section */
		01CD8A632DEC812C006D809C /* TOnlineCoding */ = {
			isa = PBXFileSystemSynchronizedRootGroup;
			path = TOnlineCoding;
			sourceTree = "<group>";
		};
		01CD8A712DEC812F006D809C /* TOnlineCodingTests */ = {
			isa = PBXFileSystemSynchronizedRootGroup;
			path = TOnlineCodingTests;
			sourceTree = "<group>";
		};
		01CD8A7B2DEC812F006D809C /* TOnlineCodingUITests */ = {
			isa = PBXFileSystemSynchronizedRootGroup;
			path = TOnlineCodingUITests;
			sourceTree = "<group>";
		};
/* End PBXFileSystemSynchronizedRootGroup section */

/* Begin PBXFrameworksBuildPhase section */
		01CD8A5E2DEC812C006D809C /* Frameworks */ = {
			isa = PBXFrameworksBuildPhase;
			buildActionMask = 2147483647;
			files = (
			);
			runOnlyForDeploymentPostprocessing = 0;
		};
		01CD8A6B2DEC812F006D809C /* Frameworks */ = {
			isa = PBXFrameworksBuildPhase;
			buildActionMask = 2147483647;
			files = (
			);
			runOnlyForDeploymentPostprocessing = 0;
		};
		01CD8A752DEC812F006D809C /* Frameworks */ = {
			isa = PBXFrameworksBuildPhase;
			buildActionMask = 2147483647;
			files = (
			);
			runOnlyForDeploymentPostprocessing = 0;
		};
/* End PBXFrameworksBuildPhase section */

/* Begin PBXGroup section */
		01CD8A582DEC812C006D809C = {
			isa = PBXGroup;
			children = (
				01CD8A632DEC812C006D809C /* TOnlineCoding */,
				01CD8A712DEC812F006D809C /* TOnlineCodingTests */,
				01CD8A7B2DEC812F006D809C /* TOnlineCodingUITests */,
				01CD8A622DEC812C006D809C /* Products */,
			);
			sourceTree = "<group>";
		};
		01CD8A622DEC812C006D809C /* Products */ = {
			isa = PBXGroup;
			children = (
				01CD8A612DEC812C006D809C /* TOnlineCoding.app */,
				01CD8A6E2DEC812F006D809C /* TOnlineCodingTests.xctest */,
				01CD8A782DEC812F006D809C /* TOnlineCodingUITests.xctest */,
			);
			name = Products;
			sourceTree = "<group>";
		};
/* End PBXGroup section */

/* Begin PBXNativeTarget section */
		01CD8A602DEC812C006D809C /* TOnlineCoding */ = {
			isa = PBXNativeTarget;
			buildConfigurationList = 01CD8A822DEC812F006D809C /* Build configuration list for PBXNativeTarget "TOnlineCoding" */;
			buildPhases = (
				01CD8A5D2DEC812C006D809C /* Sources */,
				01CD8A5E2DEC812C006D809C /* Frameworks */,
				01CD8A5F2DEC812C006D809C /* Resources */,
			);
			buildRules = (
			);
			dependencies = (
			);
			fileSystemSynchronizedGroups = (
				01CD8A632DEC812C006D809C /* TOnlineCoding */,
			);
			name = TOnlineCoding;
			packageProductDependencies = (
			);
			productName = TOnlineCoding;
			productReference = 01CD8A612DEC812C006D809C /* TOnlineCoding.app */;
			productType = "com.apple.product-type.application";
		};
		01CD8A6D2DEC812F006D809C /* TOnlineCodingTests */ = {
			isa = PBXNativeTarget;
			buildConfigurationList = 01CD8A852DEC812F006D809C /* Build configuration list for PBXNativeTarget "TOnlineCodingTests" */;
			buildPhases = (
				01CD8A6A2DEC812F006D809C /* Sources */,
				01CD8A6B2DEC812F006D809C /* Frameworks */,
				01CD8A6C2DEC812F006D809C /* Resources */,
			);
			buildRules = (
			);
			dependencies = (
				01CD8A702DEC812F006D809C /* PBXTargetDependency */,
			);
			fileSystemSynchronizedGroups = (
				01CD8A712DEC812F006D809C /* TOnlineCodingTests */,
			);
			name = TOnlineCodingTests;
			packageProductDependencies = (
			);
			productName = TOnlineCodingTests;
			productReference = 01CD8A6E2DEC812F006D809C /* TOnlineCodingTests.xctest */;
			productType = "com.apple.product-type.bundle.unit-test";
		};
		01CD8A772DEC812F006D809C /* TOnlineCodingUITests */ = {
			isa = PBXNativeTarget;
			buildConfigurationList = 01CD8A882DEC812F006D809C /* Build configuration list for PBXNativeTarget "TOnlineCodingUITests" */;
			buildPhases = (
				01CD8A742DEC812F006D809C /* Sources */,
				01CD8A752DEC812F006D809C /* Frameworks */,
				01CD8A762DEC812F006D809C /* Resources */,
			);
			buildRules = (
			);
			dependencies = (
				01CD8A7A2DEC812F006D809C /* PBXTargetDependency */,
			);
			fileSystemSynchronizedGroups = (
				01CD8A7B2DEC812F006D809C /* TOnlineCodingUITests */,
			);
			name = TOnlineCodingUITests;
			packageProductDependencies = (
			);
			productName = TOnlineCodingUITests;
			productReference = 01CD8A782DEC812F006D809C /* TOnlineCodingUITests.xctest */;
			productType = "com.apple.product-type.bundle.ui-testing";
		};
/* End PBXNativeTarget section */

/* Begin PBXProject section */
		01CD8A592DEC812C006D809C /* Project object */ = {
			isa = PBXProject;
			attributes = {
				BuildIndependentTargetsInParallel = 1;
				LastSwiftUpdateCheck = 1640;
				LastUpgradeCheck = 1640;
				TargetAttributes = {
					01CD8A602DEC812C006D809C = {
						CreatedOnToolsVersion = 16.4;
					};
					01CD8A6D2DEC812F006D809C = {
						CreatedOnToolsVersion = 16.4;
						TestTargetID = 01CD8A602DEC812C006D809C;
					};
					01CD8A772DEC812F006D809C = {
						CreatedOnToolsVersion = 16.4;
						TestTargetID = 01CD8A602DEC812C006D809C;
					};
				};
			};
			buildConfigurationList = 01CD8A5C2DEC812C006D809C /* Build configuration list for PBXProject "TOnlineCoding" */;
			developmentRegion = en;
			hasScannedForEncodings = 0;
			knownRegions = (
				en,
				Base,
			);
			mainGroup = 01CD8A582DEC812C006D809C;
			minimizedProjectReferenceProxies = 1;
			preferredProjectObjectVersion = 77;
			productRefGroup = 01CD8A622DEC812C006D809C /* Products */;
			projectDirPath = "";
			projectRoot = "";
			targets = (
				01CD8A602DEC812C006D809C /* TOnlineCoding */,
				01CD8A6D2DEC812F006D809C /* TOnlineCodingTests */,
				01CD8A772DEC812F006D809C /* TOnlineCodingUITests */,
			);
		};
/* End PBXProject section */

/* Begin PBXResourcesBuildPhase section */
		01CD8A5F2DEC812C006D809C /* Resources */ = {
			isa = PBXResourcesBuildPhase;
			buildActionMask = 2147483647;
			files = (
			);
			runOnlyForDeploymentPostprocessing = 0;
		};
		01CD8A6C2DEC812F006D809C /* Resources */ = {
			isa = PBXResourcesBuildPhase;
			buildActionMask = 2147483647;
			files = (
			);
			runOnlyForDeploymentPostprocessing = 0;
		};
		01CD8A762DEC812F006D809C /* Resources */ = {
			isa = PBXResourcesBuildPhase;
			buildActionMask = 2147483647;
			files = (
			);
			runOnlyForDeploymentPostprocessing = 0;
		};
/* End PBXResourcesBuildPhase section */

/* Begin PBXSourcesBuildPhase section */
		01CD8A5D2DEC812C006D809C /* Sources */ = {
			isa = PBXSourcesBuildPhase;
			buildActionMask = 2147483647;
			files = (
			);
			runOnlyForDeploymentPostprocessing = 0;
		};
		01CD8A6A2DEC812F006D809C /* Sources */ = {
			isa = PBXSourcesBuildPhase;
			buildActionMask = 2147483647;
			files = (
			);
			runOnlyForDeploymentPostprocessing = 0;
		};
		01CD8A742DEC812F006D809C /* Sources */ = {
			isa = PBXSourcesBuildPhase;
			buildActionMask = 2147483647;
			files = (
			);
			runOnlyForDeploymentPostprocessing = 0;
		};
/* End PBXSourcesBuildPhase section */

/* Begin PBXTargetDependency section */
		01CD8A702DEC812F006D809C /* PBXTargetDependency */ = {
			isa = PBXTargetDependency;
			target = 01CD8A602DEC812C006D809C /* TOnlineCoding */;
			targetProxy = 01CD8A6F2DEC812F006D809C /* PBXContainerItemProxy */;
		};
		01CD8A7A2DEC812F006D809C /* PBXTargetDependency */ = {
			isa = PBXTargetDependency;
			target = 01CD8A602DEC812C006D809C /* TOnlineCoding */;
			targetProxy = 01CD8A792DEC812F006D809C /* PBXContainerItemProxy */;
		};
/* End PBXTargetDependency section */

/* Begin XCBuildConfiguration section */
		01CD8A802DEC812F006D809C /* Debug */ = {
			isa = XCBuildConfiguration;
			buildSettings = {
				ALWAYS_SEARCH_USER_PATHS = NO;
				ASSETCATALOG_COMPILER_GENERATE_SWIFT_ASSET_SYMBOL_EXTENSIONS = YES;
				CLANG_ANALYZER_NONNULL = YES;
				CLANG_ANALYZER_NUMBER_OBJECT_CONVERSION = YES_AGGRESSIVE;
				CLANG_CXX_LANGUAGE_STANDARD = "gnu++20";
				CLANG_ENABLE_MODULES = YES;
				CLANG_ENABLE_OBJC_ARC = YES;
				CLANG_ENABLE_OBJC_WEAK = YES;
				CLANG_WARN_BLOCK_CAPTURE_AUTORELEASING = YES;
				CLANG_WARN_BOOL_CONVERSION = YES;
				CLANG_WARN_COMMA = YES;
				CLANG_WARN_CONSTANT_CONVERSION = YES;
				CLANG_WARN_DEPRECATED_OBJC_IMPLEMENTATIONS = YES;
				CLANG_WARN_DIRECT_OBJC_ISA_USAGE = YES_ERROR;
				CLANG_WARN_DOCUMENTATION_COMMENTS = YES;
				CLANG_WARN_EMPTY_BODY = YES;
				CLANG_WARN_ENUM_CONVERSION = YES;
				CLANG_WARN_INFINITE_RECURSION = YES;
				CLANG_WARN_INT_CONVERSION = YES;
				CLANG_WARN_NON_LITERAL_NULL_CONVERSION = YES;
				CLANG_WARN_OBJC_IMPLICIT_RETAIN_SELF = YES;
				CLANG_WARN_OBJC_LITERAL_CONVERSION = YES;
				CLANG_WARN_OBJC_ROOT_CLASS = YES_ERROR;
				CLANG_WARN_QUOTED_INCLUDE_IN_FRAMEWORK_HEADER = YES;
				CLANG_WARN_RANGE_LOOP_ANALYSIS = YES;
				CLANG_WARN_STRICT_PROTOTYPES = YES;
				CLANG_WARN_SUSPICIOUS_MOVE = YES;
				CLANG_WARN_UNGUARDED_AVAILABILITY = YES_AGGRESSIVE;
				CLANG_WARN_UNREACHABLE_CODE = YES;
				CLANG_WARN__DUPLICATE_METHOD_MATCH = YES;
				COPY_PHASE_STRIP = NO;
				DEBUG_INFORMATION_FORMAT = dwarf;
				ENABLE_STRICT_OBJC_MSGSEND = YES;
				ENABLE_TESTABILITY = YES;
				ENABLE_USER_SCRIPT_SANDBOXING = YES;
				GCC_C_LANGUAGE_STANDARD = gnu17;
				GCC_DYNAMIC_NO_PIC = NO;
				GCC_NO_COMMON_BLOCKS = YES;
				GCC_OPTIMIZATION_LEVEL = 0;
				GCC_PREPROCESSOR_DEFINITIONS = (
					"DEBUG=1",
					"$(inherited)",
				);
				GCC_WARN_64_TO_32_BIT_CONVERSION = YES;
				GCC_WARN_ABOUT_RETURN_TYPE = YES_ERROR;
				GCC_WARN_UNDECLARED_SELECTOR = YES;
				GCC_WARN_UNINITIALIZED_AUTOS = YES_AGGRESSIVE;
				GCC_WARN_UNUSED_FUNCTION = YES;
				GCC_WARN_UNUSED_VARIABLE = YES;
				IPHONEOS_DEPLOYMENT_TARGET = 18.5;
				LOCALIZATION_PREFERS_STRING_CATALOGS = YES;
				MTL_ENABLE_DEBUG_INFO = INCLUDE_SOURCE;
				MTL_FAST_MATH = YES;
				ONLY_ACTIVE_ARCH = YES;
				SDKROOT = iphoneos;
				SWIFT_ACTIVE_COMPILATION_CONDITIONS = "DEBUG $(inherited)";
				SWIFT_OPTIMIZATION_LEVEL = "-Onone";
			};
			name = Debug;
		};
		01CD8A812DEC812F006D809C /* Release */ = {
			isa = XCBuildConfiguration;
			buildSettings = {
				ALWAYS_SEARCH_USER_PATHS = NO;
				ASSETCATALOG_COMPILER_GENERATE_SWIFT_ASSET_SYMBOL_EXTENSIONS = YES;
				CLANG_ANALYZER_NONNULL = YES;
				CLANG_ANALYZER_NUMBER_OBJECT_CONVERSION = YES_AGGRESSIVE;
				CLANG_CXX_LANGUAGE_STANDARD = "gnu++20";
				CLANG_ENABLE_MODULES = YES;
				CLANG_ENABLE_OBJC_ARC = YES;
				CLANG_ENABLE_OBJC_WEAK = YES;
				CLANG_WARN_BLOCK_CAPTURE_AUTORELEASING = YES;
				CLANG_WARN_BOOL_CONVERSION = YES;
				CLANG_WARN_COMMA = YES;
				CLANG_WARN_CONSTANT_CONVERSION = YES;
				CLANG_WARN_DEPRECATED_OBJC_IMPLEMENTATIONS = YES;
				CLANG_WARN_DIRECT_OBJC_ISA_USAGE = YES_ERROR;
				CLANG_WARN_DOCUMENTATION_COMMENTS = YES;
				CLANG_WARN_EMPTY_BODY = YES;
				CLANG_WARN_ENUM_CONVERSION = YES;
				CLANG_WARN_INFINITE_RECURSION = YES;
				CLANG_WARN_INT_CONVERSION = YES;
				CLANG_WARN_NON_LITERAL_NULL_CONVERSION = YES;
				CLANG_WARN_OBJC_IMPLICIT_RETAIN_SELF = YES;
				CLANG_WARN_OBJC_LITERAL_CONVERSION = YES;
				CLANG_WARN_OBJC_ROOT_CLASS = YES_ERROR;
				CLANG_WARN_QUOTED_INCLUDE_IN_FRAMEWORK_HEADER = YES;
				CLANG_WARN_RANGE_LOOP_ANALYSIS = YES;
				CLANG_WARN_STRICT_PROTOTYPES = YES;
				CLANG_WARN_SUSPICIOUS_MOVE = YES;
				CLANG_WARN_UNGUARDED_AVAILABILITY = YES_AGGRESSIVE;
				CLANG_WARN_UNREACHABLE_CODE = YES;
				CLANG_WARN__DUPLICATE_METHOD_MATCH = YES;
				COPY_PHASE_STRIP = NO;
				DEBUG_INFORMATION_FORMAT = "dwarf-with-dsym";
				ENABLE_NS_ASSERTIONS = NO;
				ENABLE_STRICT_OBJC_MSGSEND = YES;
				ENABLE_USER_SCRIPT_SANDBOXING = YES;
				GCC_C_LANGUAGE_STANDARD = gnu17;
				GCC_NO_COMMON_BLOCKS = YES;
				GCC_WARN_64_TO_32_BIT_CONVERSION = YES;
				GCC_WARN_ABOUT_RETURN_TYPE = YES_ERROR;
				GCC_WARN_UNDECLARED_SELECTOR = YES;
				GCC_WARN_UNINITIALIZED_AUTOS = YES_AGGRESSIVE;
				GCC_WARN_UNUSED_FUNCTION = YES;
				GCC_WARN_UNUSED_VARIABLE = YES;
				IPHONEOS_DEPLOYMENT_TARGET = 18.5;
				LOCALIZATION_PREFERS_STRING_CATALOGS = YES;
				MTL_ENABLE_DEBUG_INFO = NO;
				MTL_FAST_MATH = YES;
				SDKROOT = iphoneos;
				SWIFT_COMPILATION_MODE = wholemodule;
				VALIDATE_PRODUCT = YES;
			};
			name = Release;
		};
		01CD8A832DEC812F006D809C /* Debug */ = {
			isa = XCBuildConfiguration;
			buildSettings = {
				ASSETCATALOG_COMPILER_APPICON_NAME = AppIcon;
				ASSETCATALOG_COMPILER_GLOBAL_ACCENT_COLOR_NAME = AccentColor;
				CODE_SIGN_STYLE = Automatic;
				CURRENT_PROJECT_VERSION = 1;
				ENABLE_PREVIEWS = YES;
				GENERATE_INFOPLIST_FILE = YES;
				INFOPLIST_KEY_UIApplicationSceneManifest_Generation = YES;
				INFOPLIST_KEY_UIApplicationSupportsIndirectInputEvents = YES;
				INFOPLIST_KEY_UILaunchScreen_Generation = YES;
				INFOPLIST_KEY_UISupportedInterfaceOrientations_iPad = "UIInterfaceOrientationPortrait UIInterfaceOrientationPortraitUpsideDown UIInterfaceOrientationLandscapeLeft UIInterfaceOrientationLandscapeRight";
				INFOPLIST_KEY_UISupportedInterfaceOrientations_iPhone = "UIInterfaceOrientationPortrait UIInterfaceOrientationLandscapeLeft UIInterfaceOrientationLandscapeRight";
				LD_RUNPATH_SEARCH_PATHS = (
					"$(inherited)",
					"@executable_path/Frameworks",
				);
				MARKETING_VERSION = 1.0;
				PRODUCT_BUNDLE_IDENTIFIER = com.aps.TOnlineCoding;
				PRODUCT_NAME = "$(TARGET_NAME)";
				SWIFT_EMIT_LOC_STRINGS = YES;
				SWIFT_VERSION = 5.0;
				TARGETED_DEVICE_FAMILY = "1,2";
			};
			name = Debug;
		};
		01CD8A842DEC812F006D809C /* Release */ = {
			isa = XCBuildConfiguration;
			buildSettings = {
				ASSETCATALOG_COMPILER_APPICON_NAME = AppIcon;
				ASSETCATALOG_COMPILER_GLOBAL_ACCENT_COLOR_NAME = AccentColor;
				CODE_SIGN_STYLE = Automatic;
				CURRENT_PROJECT_VERSION = 1;
				ENABLE_PREVIEWS = YES;
				GENERATE_INFOPLIST_FILE = YES;
				INFOPLIST_KEY_UIApplicationSceneManifest_Generation = YES;
				INFOPLIST_KEY_UIApplicationSupportsIndirectInputEvents = YES;
				INFOPLIST_KEY_UILaunchScreen_Generation = YES;
				INFOPLIST_KEY_UISupportedInterfaceOrientations_iPad = "UIInterfaceOrientationPortrait UIInterfaceOrientationPortraitUpsideDown UIInterfaceOrientationLandscapeLeft UIInterfaceOrientationLandscapeRight";
				INFOPLIST_KEY_UISupportedInterfaceOrientations_iPhone = "UIInterfaceOrientationPortrait UIInterfaceOrientationLandscapeLeft UIInterfaceOrientationLandscapeRight";
				LD_RUNPATH_SEARCH_PATHS = (
					"$(inherited)",
					"@executable_path/Frameworks",
				);
				MARKETING_VERSION = 1.0;
				PRODUCT_BUNDLE_IDENTIFIER = com.aps.TOnlineCoding;
				PRODUCT_NAME = "$(TARGET_NAME)";
				SWIFT_EMIT_LOC_STRINGS = YES;
				SWIFT_VERSION = 5.0;
				TARGETED_DEVICE_FAMILY = "1,2";
			};
			name = Release;
		};
		01CD8A862DEC812F006D809C /* Debug */ = {
			isa = XCBuildConfiguration;
			buildSettings = {
				BUNDLE_LOADER = "$(TEST_HOST)";
				CODE_SIGN_STYLE = Automatic;
				CURRENT_PROJECT_VERSION = 1;
				GENERATE_INFOPLIST_FILE = YES;
				IPHONEOS_DEPLOYMENT_TARGET = 18.5;
				MARKETING_VERSION = 1.0;
				PRODUCT_BUNDLE_IDENTIFIER = com.aps.TOnlineCodingTests;
				PRODUCT_NAME = "$(TARGET_NAME)";
				SWIFT_EMIT_LOC_STRINGS = NO;
				SWIFT_VERSION = 5.0;
				TARGETED_DEVICE_FAMILY = "1,2";
				TEST_HOST = "$(BUILT_PRODUCTS_DIR)/TOnlineCoding.app/$(BUNDLE_EXECUTABLE_FOLDER_PATH)/TOnlineCoding";
			};
			name = Debug;
		};
		01CD8A872DEC812F006D809C /* Release */ = {
			isa = XCBuildConfiguration;
			buildSettings = {
				BUNDLE_LOADER = "$(TEST_HOST)";
				CODE_SIGN_STYLE = Automatic;
				CURRENT_PROJECT_VERSION = 1;
				GENERATE_INFOPLIST_FILE = YES;
				IPHONEOS_DEPLOYMENT_TARGET = 18.5;
				MARKETING_VERSION = 1.0;
				PRODUCT_BUNDLE_IDENTIFIER = com.aps.TOnlineCodingTests;
				PRODUCT_NAME = "$(TARGET_NAME)";
				SWIFT_EMIT_LOC_STRINGS = NO;
				SWIFT_VERSION = 5.0;
				TARGETED_DEVICE_FAMILY = "1,2";
				TEST_HOST = "$(BUILT_PRODUCTS_DIR)/TOnlineCoding.app/$(BUNDLE_EXECUTABLE_FOLDER_PATH)/TOnlineCoding";
			};
			name = Release;
		};
		01CD8A892DEC812F006D809C /* Debug */ = {
			isa = XCBuildConfiguration;
			buildSettings = {
				CODE_SIGN_STYLE = Automatic;
				CURRENT_PROJECT_VERSION = 1;
				GENERATE_INFOPLIST_FILE = YES;
				MARKETING_VERSION = 1.0;
				PRODUCT_BUNDLE_IDENTIFIER = com.aps.TOnlineCodingUITests;
				PRODUCT_NAME = "$(TARGET_NAME)";
				SWIFT_EMIT_LOC_STRINGS = NO;
				SWIFT_VERSION = 5.0;
				TARGETED_DEVICE_FAMILY = "1,2";
				TEST_TARGET_NAME = TOnlineCoding;
			};
			name = Debug;
		};
		01CD8A8A2DEC812F006D809C /* Release */ = {
			isa = XCBuildConfiguration;
			buildSettings = {
				CODE_SIGN_STYLE = Automatic;
				CURRENT_PROJECT_VERSION = 1;
				GENERATE_INFOPLIST_FILE = YES;
				MARKETING_VERSION = 1.0;
				PRODUCT_BUNDLE_IDENTIFIER = com.aps.TOnlineCodingUITests;
				PRODUCT_NAME = "$(TARGET_NAME)";
				SWIFT_EMIT_LOC_STRINGS = NO;
				SWIFT_VERSION = 5.0;
				TARGETED_DEVICE_FAMILY = "1,2";
				TEST_TARGET_NAME = TOnlineCoding;
			};
			name = Release;
		};
/* End XCBuildConfiguration section */

/* Begin XCConfigurationList section */
		01CD8A5C2DEC812C006D809C /* Build configuration list for PBXProject "TOnlineCoding" */ = {
			isa = XCConfigurationList;
			buildConfigurations = (
				01CD8A802DEC812F006D809C /* Debug */,
				01CD8A812DEC812F006D809C /* Release */,
			);
			defaultConfigurationIsVisible = 0;
			defaultConfigurationName = Release;
		};
		01CD8A822DEC812F006D809C /* Build configuration list for PBXNativeTarget "TOnlineCoding" */ = {
			isa = XCConfigurationList;
			buildConfigurations = (
				01CD8A832DEC812F006D809C /* Debug */,
				01CD8A842DEC812F006D809C /* Release */,
			);
			defaultConfigurationIsVisible = 0;
			defaultConfigurationName = Release;
		};
		01CD8A852DEC812F006D809C /* Build configuration list for PBXNativeTarget "TOnlineCodingTests" */ = {
			isa = XCConfigurationList;
			buildConfigurations = (
				01CD8A862DEC812F006D809C /* Debug */,
				01CD8A872DEC812F006D809C /* Release */,
			);
			defaultConfigurationIsVisible = 0;
			defaultConfigurationName = Release;
		};
		01CD8A882DEC812F006D809C /* Build configuration list for PBXNativeTarget "TOnlineCodingUITests" */ = {
			isa = XCConfigurationList;
			buildConfigurations = (
				01CD8A892DEC812F006D809C /* Debug */,
				01CD8A8A2DEC812F006D809C /* Release */,
			);
			defaultConfigurationIsVisible = 0;
			defaultConfigurationName = Release;
		};
/* End XCConfigurationList section */
	};
	rootObject = 01CD8A592DEC812C006D809C /* Project object */;
}
